
Microsoft Visual Studio Solution File, Format Version 12.00
# Visual Studio 15
VisualStudioVersion = 15.0.28307.329
MinimumVisualStudioVersion = 10.0.40219.1
Project("{FAE04EC0-301F-11D3-BF4B-00C04F79EFBC}") = "BoardingPassParser", "BoardingPassParser\BoardingPassParser.csproj", "{B36272E9-CEC5-4583-AC82-909A028C9F0D}"
EndProject
Project("{FAE04EC0-301F-11D3-BF4B-00C04F79EFBC}") = "BoardingPassParser.Test", "BoardingPassParser.Test\BoardingPassParser.Test.csproj", "{7405B73F-8F22-48EC-A302-4A000A3D7A0D}"
EndProject
Global
	GlobalSection(SolutionConfigurationPlatforms) = preSolution
		Debug|Any CPU = Debug|Any CPU
		Release|Any CPU = Release|Any CPU
	EndGlobalSection
	GlobalSection(ProjectConfigurationPlatforms) = postSolution
		{B36272E9-CEC5-4583-AC82-909A028C9F0D}.Debug|Any CPU.ActiveCfg = Debug|Any CPU
		{B36272E9-CEC5-4583-AC82-909A028C9F0D}.Debug|Any CPU.Build.0 = Debug|Any CPU
		{B36272E9-CEC5-4583-AC82-909A028C9F0D}.Release|Any CPU.ActiveCfg = Release|Any CPU
		{B36272E9-CEC5-4583-AC82-909A028C9F0D}.Release|Any CPU.Build.0 = Release|Any CPU
		{7405B73F-8F22-48EC-A302-4A000A3D7A0D}.Debug|Any CPU.ActiveCfg = Debug|Any CPU
		{7405B73F-8F22-48EC-A302-4A000A3D7A0D}.Debug|Any CPU.Build.0 = Debug|Any CPU
		{7405B73F-8F22-48EC-A302-4A000A3D7A0D}.Release|Any CPU.ActiveCfg = Release|Any CPU
		{7405B73F-8F22-48EC-A302-4A000A3D7A0D}.Release|Any CPU.Build.0 = Release|Any CPU
	EndGlobalSection
	GlobalSection(SolutionProperties) = preSolution
		HideSolutionNode = FALSE
	EndGlobalSection
	GlobalSection(ExtensibilityGlobals) = postSolution
		SolutionGuid = {1DF9ADA3-EEB2-4E7F-A396-2F55556BE9B0}
	EndGlobalSection
EndGlobal
